// !$*UTF8*$!
{
	archiveVersion = 1;
	classes = {
	};
	objectVersion = 50;
	objects = {

/* Begin PBXBuildFile section */
		EE1E2601234A33E500C63C59 /* AppDelegate.swift in Sources */ = {isa = PBXBuildFile; fileRef = EE1E2600234A33E500C63C59 /* AppDelegate.swift */; };
		EE1E2603234A33E500C63C59 /* SceneDelegate.swift in Sources */ = {isa = PBXBuildFile; fileRef = EE1E2602234A33E500C63C59 /* SceneDelegate.swift */; };
		EE1E260A234A33E700C63C59 /* Assets.xcassets in Resources */ = {isa = PBXBuildFile; fileRef = EE1E2609234A33E700C63C59 /* Assets.xcassets */; };
		EE1E260D234A33E700C63C59 /* LaunchScreen.storyboard in Resources */ = {isa = PBXBuildFile; fileRef = EE1E260B234A33E700C63C59 /* LaunchScreen.storyboard */; };
		EE1E2618234A33E700C63C59 /* TranlsationQuizTests.swift in Sources */ = {isa = PBXBuildFile; fileRef = EE1E2617234A33E700C63C59 /* TranlsationQuizTests.swift */; };
		EE1E2623234A33E700C63C59 /* TranlsationQuizUITests.swift in Sources */ = {isa = PBXBuildFile; fileRef = EE1E2622234A33E700C63C59 /* TranlsationQuizUITests.swift */; };
		EE1E2632234A340D00C63C59 /* Flow.swift in Sources */ = {isa = PBXBuildFile; fileRef = EE1E2631234A340D00C63C59 /* Flow.swift */; };
		EE4A139C234A398F00AD1177 /* Router.swift in Sources */ = {isa = PBXBuildFile; fileRef = EE4A139B234A398F00AD1177 /* Router.swift */; };
		EE4A139E234A39AD00AD1177 /* Question.swift in Sources */ = {isa = PBXBuildFile; fileRef = EE4A139D234A39AD00AD1177 /* Question.swift */; };
		EE4A13DE234A4C3400AD1177 /* GameResult.swift in Sources */ = {isa = PBXBuildFile; fileRef = EE4A13DD234A4C3400AD1177 /* GameResult.swift */; };
		EE4A13E4234A512E00AD1177 /* GameRouter.swift in Sources */ = {isa = PBXBuildFile; fileRef = EE4A13E3234A512E00AD1177 /* GameRouter.swift */; };
		EE4A13E7234A51DB00AD1177 /* Storyboarded.swift in Sources */ = {isa = PBXBuildFile; fileRef = EE4A13E6234A51DB00AD1177 /* Storyboarded.swift */; };
		EE4A13EA234A527700AD1177 /* QuestionViewController.swift in Sources */ = {isa = PBXBuildFile; fileRef = EE4A13E9234A527700AD1177 /* QuestionViewController.swift */; };
		EE4A13EC234A528600AD1177 /* Main.storyboard in Resources */ = {isa = PBXBuildFile; fileRef = EE4A13EB234A528600AD1177 /* Main.storyboard */; };
/* End PBXBuildFile section */

/* Begin PBXContainerItemProxy section */
		EE1E2614234A33E700C63C59 /* PBXContainerItemProxy */ = {
			isa = PBXContainerItemProxy;
			containerPortal = EE1E25F5234A33E500C63C59 /* Project object */;
			proxyType = 1;
			remoteGlobalIDString = EE1E25FC234A33E500C63C59;
			remoteInfo = TranlsationQuiz;
		};
		EE1E261F234A33E700C63C59 /* PBXContainerItemProxy */ = {
			isa = PBXContainerItemProxy;
			containerPortal = EE1E25F5234A33E500C63C59 /* Project object */;
			proxyType = 1;
			remoteGlobalIDString = EE1E25FC234A33E500C63C59;
			remoteInfo = TranlsationQuiz;
		};
/* End PBXContainerItemProxy section */

/* Begin PBXFileReference section */
		EE1E25FD234A33E500C63C59 /* TranlsationQuiz.app */ = {isa = PBXFileReference; explicitFileType = wrapper.application; includeInIndex = 0; path = TranlsationQuiz.app; sourceTree = BUILT_PRODUCTS_DIR; };
		EE1E2600234A33E500C63C59 /* AppDelegate.swift */ = {isa = PBXFileReference; lastKnownFileType = sourcecode.swift; path = AppDelegate.swift; sourceTree = "<group>"; };
		EE1E2602234A33E500C63C59 /* SceneDelegate.swift */ = {isa = PBXFileReference; lastKnownFileType = sourcecode.swift; path = SceneDelegate.swift; sourceTree = "<group>"; };
		EE1E2609234A33E700C63C59 /* Assets.xcassets */ = {isa = PBXFileReference; lastKnownFileType = folder.assetcatalog; path = Assets.xcassets; sourceTree = "<group>"; };
		EE1E260C234A33E700C63C59 /* Base */ = {isa = PBXFileReference; lastKnownFileType = file.storyboard; name = Base; path = Base.lproj/LaunchScreen.storyboard; sourceTree = "<group>"; };
		EE1E260E234A33E700C63C59 /* Info.plist */ = {isa = PBXFileReference; lastKnownFileType = text.plist.xml; path = Info.plist; sourceTree = "<group>"; };
		EE1E2613234A33E700C63C59 /* TranlsationQuizTests.xctest */ = {isa = PBXFileReference; explicitFileType = wrapper.cfbundle; includeInIndex = 0; path = TranlsationQuizTests.xctest; sourceTree = BUILT_PRODUCTS_DIR; };
		EE1E2617234A33E700C63C59 /* TranlsationQuizTests.swift */ = {isa = PBXFileReference; lastKnownFileType = sourcecode.swift; path = TranlsationQuizTests.swift; sourceTree = "<group>"; };
		EE1E2619234A33E700C63C59 /* Info.plist */ = {isa = PBXFileReference; lastKnownFileType = text.plist.xml; path = Info.plist; sourceTree = "<group>"; };
		EE1E261E234A33E700C63C59 /* TranlsationQuizUITests.xctest */ = {isa = PBXFileReference; explicitFileType = wrapper.cfbundle; includeInIndex = 0; path = TranlsationQuizUITests.xctest; sourceTree = BUILT_PRODUCTS_DIR; };
		EE1E2622234A33E700C63C59 /* TranlsationQuizUITests.swift */ = {isa = PBXFileReference; lastKnownFileType = sourcecode.swift; path = TranlsationQuizUITests.swift; sourceTree = "<group>"; };
		EE1E2624234A33E700C63C59 /* Info.plist */ = {isa = PBXFileReference; lastKnownFileType = text.plist.xml; path = Info.plist; sourceTree = "<group>"; };
		EE1E2631234A340D00C63C59 /* Flow.swift */ = {isa = PBXFileReference; lastKnownFileType = sourcecode.swift; path = Flow.swift; sourceTree = "<group>"; };
		EE4A139B234A398F00AD1177 /* Router.swift */ = {isa = PBXFileReference; lastKnownFileType = sourcecode.swift; path = Router.swift; sourceTree = "<group>"; };
		EE4A139D234A39AD00AD1177 /* Question.swift */ = {isa = PBXFileReference; lastKnownFileType = sourcecode.swift; path = Question.swift; sourceTree = "<group>"; };
		EE4A13DD234A4C3400AD1177 /* GameResult.swift */ = {isa = PBXFileReference; lastKnownFileType = sourcecode.swift; path = GameResult.swift; sourceTree = "<group>"; };
		EE4A13E3234A512E00AD1177 /* GameRouter.swift */ = {isa = PBXFileReference; lastKnownFileType = sourcecode.swift; path = GameRouter.swift; sourceTree = "<group>"; };
		EE4A13E6234A51DB00AD1177 /* Storyboarded.swift */ = {isa = PBXFileReference; lastKnownFileType = sourcecode.swift; path = Storyboarded.swift; sourceTree = "<group>"; };
		EE4A13E9234A527700AD1177 /* QuestionViewController.swift */ = {isa = PBXFileReference; fileEncoding = 4; lastKnownFileType = sourcecode.swift; path = QuestionViewController.swift; sourceTree = "<group>"; };
		EE4A13EB234A528600AD1177 /* Main.storyboard */ = {isa = PBXFileReference; fileEncoding = 4; lastKnownFileType = file.storyboard; path = Main.storyboard; sourceTree = "<group>"; };
/* End PBXFileReference section */

/* Begin PBXFrameworksBuildPhase section */
		EE1E25FA234A33E500C63C59 /* Frameworks */ = {
			isa = PBXFrameworksBuildPhase;
			buildActionMask = 2147483647;
			files = (
			);
			runOnlyForDeploymentPostprocessing = 0;
		};
		EE1E2610234A33E700C63C59 /* Frameworks */ = {
			isa = PBXFrameworksBuildPhase;
			buildActionMask = 2147483647;
			files = (
			);
			runOnlyForDeploymentPostprocessing = 0;
		};
		EE1E261B234A33E700C63C59 /* Frameworks */ = {
			isa = PBXFrameworksBuildPhase;
			buildActionMask = 2147483647;
			files = (
			);
			runOnlyForDeploymentPostprocessing = 0;
		};
/* End PBXFrameworksBuildPhase section */

/* Begin PBXGroup section */
		EE1E25F4234A33E500C63C59 = {
			isa = PBXGroup;
			children = (
				EE1E25FF234A33E500C63C59 /* TranlsationQuiz */,
				EE1E2616234A33E700C63C59 /* TranlsationQuizTests */,
				EE1E2621234A33E700C63C59 /* TranlsationQuizUITests */,
				EE1E25FE234A33E500C63C59 /* Products */,
			);
			sourceTree = "<group>";
		};
		EE1E25FE234A33E500C63C59 /* Products */ = {
			isa = PBXGroup;
			children = (
				EE1E25FD234A33E500C63C59 /* TranlsationQuiz.app */,
				EE1E2613234A33E700C63C59 /* TranlsationQuizTests.xctest */,
				EE1E261E234A33E700C63C59 /* TranlsationQuizUITests.xctest */,
			);
			name = Products;
			sourceTree = "<group>";
		};
		EE1E25FF234A33E500C63C59 /* TranlsationQuiz */ = {
			isa = PBXGroup;
			children = (
				EE1E2630234A33FB00C63C59 /* Game Engine */,
				EE4A13E1234A50FE00AD1177 /* App */,
				EE1E2600234A33E500C63C59 /* AppDelegate.swift */,
				EE1E2602234A33E500C63C59 /* SceneDelegate.swift */,
				EE4A13EB234A528600AD1177 /* Main.storyboard */,
				EE1E2609234A33E700C63C59 /* Assets.xcassets */,
				EE1E260B234A33E700C63C59 /* LaunchScreen.storyboard */,
				EE1E260E234A33E700C63C59 /* Info.plist */,
			);
			path = TranlsationQuiz;
			sourceTree = "<group>";
		};
		EE1E2616234A33E700C63C59 /* TranlsationQuizTests */ = {
			isa = PBXGroup;
			children = (
				EE1E2617234A33E700C63C59 /* TranlsationQuizTests.swift */,
				EE1E2619234A33E700C63C59 /* Info.plist */,
			);
			path = TranlsationQuizTests;
			sourceTree = "<group>";
		};
		EE1E2621234A33E700C63C59 /* TranlsationQuizUITests */ = {
			isa = PBXGroup;
			children = (
				EE1E2622234A33E700C63C59 /* TranlsationQuizUITests.swift */,
				EE1E2624234A33E700C63C59 /* Info.plist */,
			);
			path = TranlsationQuizUITests;
			sourceTree = "<group>";
		};
		EE1E2630234A33FB00C63C59 /* Game Engine */ = {
			isa = PBXGroup;
			children = (
				EE1E2631234A340D00C63C59 /* Flow.swift */,
				EE4A139B234A398F00AD1177 /* Router.swift */,
				EE4A139D234A39AD00AD1177 /* Question.swift */,
				EE4A13DD234A4C3400AD1177 /* GameResult.swift */,
			);
			path = "Game Engine";
			sourceTree = "<group>";
		};
		EE4A13E1234A50FE00AD1177 /* App */ = {
			isa = PBXGroup;
			children = (
				EE4A13E8234A526700AD1177 /* ViewController */,
				EE4A13E5234A51CD00AD1177 /* Helper */,
				EE4A13E2234A511000AD1177 /* Routing */,
			);
			path = App;
			sourceTree = "<group>";
		};
		EE4A13E2234A511000AD1177 /* Routing */ = {
			isa = PBXGroup;
			children = (
				EE4A13E3234A512E00AD1177 /* GameRouter.swift */,
			);
			path = Routing;
			sourceTree = "<group>";
		};
		EE4A13E5234A51CD00AD1177 /* Helper */ = {
			isa = PBXGroup;
			children = (
				EE4A13E6234A51DB00AD1177 /* Storyboarded.swift */,
			);
			path = Helper;
			sourceTree = "<group>";
		};
		EE4A13E8234A526700AD1177 /* ViewController */ = {
			isa = PBXGroup;
			children = (
				EE4A13E9234A527700AD1177 /* QuestionViewController.swift */,
			);
			path = ViewController;
			sourceTree = "<group>";
		};
/* End PBXGroup section */

/* Begin PBXNativeTarget section */
		EE1E25FC234A33E500C63C59 /* TranlsationQuiz */ = {
			isa = PBXNativeTarget;
			buildConfigurationList = EE1E2627234A33E700C63C59 /* Build configuration list for PBXNativeTarget "TranlsationQuiz" */;
			buildPhases = (
				EE1E25F9234A33E500C63C59 /* Sources */,
				EE1E25FA234A33E500C63C59 /* Frameworks */,
				EE1E25FB234A33E500C63C59 /* Resources */,
			);
			buildRules = (
			);
			dependencies = (
			);
			name = TranlsationQuiz;
			productName = TranlsationQuiz;
			productReference = EE1E25FD234A33E500C63C59 /* TranlsationQuiz.app */;
			productType = "com.apple.product-type.application";
		};
		EE1E2612234A33E700C63C59 /* TranlsationQuizTests */ = {
			isa = PBXNativeTarget;
			buildConfigurationList = EE1E262A234A33E700C63C59 /* Build configuration list for PBXNativeTarget "TranlsationQuizTests" */;
			buildPhases = (
				EE1E260F234A33E700C63C59 /* Sources */,
				EE1E2610234A33E700C63C59 /* Frameworks */,
				EE1E2611234A33E700C63C59 /* Resources */,
			);
			buildRules = (
			);
			dependencies = (
				EE1E2615234A33E700C63C59 /* PBXTargetDependency */,
			);
			name = TranlsationQuizTests;
			productName = TranlsationQuizTests;
			productReference = EE1E2613234A33E700C63C59 /* TranlsationQuizTests.xctest */;
			productType = "com.apple.product-type.bundle.unit-test";
		};
		EE1E261D234A33E700C63C59 /* TranlsationQuizUITests */ = {
			isa = PBXNativeTarget;
			buildConfigurationList = EE1E262D234A33E700C63C59 /* Build configuration list for PBXNativeTarget "TranlsationQuizUITests" */;
			buildPhases = (
				EE1E261A234A33E700C63C59 /* Sources */,
				EE1E261B234A33E700C63C59 /* Frameworks */,
				EE1E261C234A33E700C63C59 /* Resources */,
			);
			buildRules = (
			);
			dependencies = (
				EE1E2620234A33E700C63C59 /* PBXTargetDependency */,
			);
			name = TranlsationQuizUITests;
			productName = TranlsationQuizUITests;
			productReference = EE1E261E234A33E700C63C59 /* TranlsationQuizUITests.xctest */;
			productType = "com.apple.product-type.bundle.ui-testing";
		};
/* End PBXNativeTarget section */

/* Begin PBXProject section */
		EE1E25F5234A33E500C63C59 /* Project object */ = {
			isa = PBXProject;
			attributes = {
				LastSwiftUpdateCheck = 1100;
				LastUpgradeCheck = 1100;
				ORGANIZATIONNAME = "Vaibhav Misra";
				TargetAttributes = {
					EE1E25FC234A33E500C63C59 = {
						CreatedOnToolsVersion = 11.0;
					};
					EE1E2612234A33E700C63C59 = {
						CreatedOnToolsVersion = 11.0;
						TestTargetID = EE1E25FC234A33E500C63C59;
					};
					EE1E261D234A33E700C63C59 = {
						CreatedOnToolsVersion = 11.0;
						TestTargetID = EE1E25FC234A33E500C63C59;
					};
				};
			};
			buildConfigurationList = EE1E25F8234A33E500C63C59 /* Build configuration list for PBXProject "TranlsationQuiz" */;
			compatibilityVersion = "Xcode 9.3";
			developmentRegion = en;
			hasScannedForEncodings = 0;
			knownRegions = (
				en,
				Base,
			);
			mainGroup = EE1E25F4234A33E500C63C59;
			productRefGroup = EE1E25FE234A33E500C63C59 /* Products */;
			projectDirPath = "";
			projectRoot = "";
			targets = (
				EE1E25FC234A33E500C63C59 /* TranlsationQuiz */,
				EE1E2612234A33E700C63C59 /* TranlsationQuizTests */,
				EE1E261D234A33E700C63C59 /* TranlsationQuizUITests */,
			);
		};
/* End PBXProject section */

/* Begin PBXResourcesBuildPhase section */
		EE1E25FB234A33E500C63C59 /* Resources */ = {
			isa = PBXResourcesBuildPhase;
			buildActionMask = 2147483647;
			files = (
				EE4A13EC234A528600AD1177 /* Main.storyboard in Resources */,
				EE1E260D234A33E700C63C59 /* LaunchScreen.storyboard in Resources */,
				EE1E260A234A33E700C63C59 /* Assets.xcassets in Resources */,
			);
			runOnlyForDeploymentPostprocessing = 0;
		};
		EE1E2611234A33E700C63C59 /* Resources */ = {
			isa = PBXResourcesBuildPhase;
			buildActionMask = 2147483647;
			files = (
			);
			runOnlyForDeploymentPostprocessing = 0;
		};
		EE1E261C234A33E700C63C59 /* Resources */ = {
			isa = PBXResourcesBuildPhase;
			buildActionMask = 2147483647;
			files = (
			);
			runOnlyForDeploymentPostprocessing = 0;
		};
/* End PBXResourcesBuildPhase section */

/* Begin PBXSourcesBuildPhase section */
		EE1E25F9234A33E500C63C59 /* Sources */ = {
			isa = PBXSourcesBuildPhase;
			buildActionMask = 2147483647;
			files = (
				EE1E2632234A340D00C63C59 /* Flow.swift in Sources */,
				EE4A139C234A398F00AD1177 /* Router.swift in Sources */,
				EE4A13DE234A4C3400AD1177 /* GameResult.swift in Sources */,
				EE4A139E234A39AD00AD1177 /* Question.swift in Sources */,
				EE4A13E7234A51DB00AD1177 /* Storyboarded.swift in Sources */,
				EE1E2601234A33E500C63C59 /* AppDelegate.swift in Sources */,
				EE4A13E4234A512E00AD1177 /* GameRouter.swift in Sources */,
				EE1E2603234A33E500C63C59 /* SceneDelegate.swift in Sources */,
				EE4A13EA234A527700AD1177 /* QuestionViewController.swift in Sources */,
			);
			runOnlyForDeploymentPostprocessing = 0;
		};
		EE1E260F234A33E700C63C59 /* Sources */ = {
			isa = PBXSourcesBuildPhase;
			buildActionMask = 2147483647;
			files = (
				EE1E2618234A33E700C63C59 /* TranlsationQuizTests.swift in Sources */,
			);
			runOnlyForDeploymentPostprocessing = 0;
		};
		EE1E261A234A33E700C63C59 /* Sources */ = {
			isa = PBXSourcesBuildPhase;
			buildActionMask = 2147483647;
			files = (
				EE1E2623234A33E700C63C59 /* TranlsationQuizUITests.swift in Sources */,
			);
			runOnlyForDeploymentPostprocessing = 0;
		};
/* End PBXSourcesBuildPhase section */

/* Begin PBXTargetDependency section */
		EE1E2615234A33E700C63C59 /* PBXTargetDependency */ = {
			isa = PBXTargetDependency;
			target = EE1E25FC234A33E500C63C59 /* TranlsationQuiz */;
			targetProxy = EE1E2614234A33E700C63C59 /* PBXContainerItemProxy */;
		};
		EE1E2620234A33E700C63C59 /* PBXTargetDependency */ = {
			isa = PBXTargetDependency;
			target = EE1E25FC234A33E500C63C59 /* TranlsationQuiz */;
			targetProxy = EE1E261F234A33E700C63C59 /* PBXContainerItemProxy */;
		};
/* End PBXTargetDependency section */

/* Begin PBXVariantGroup section */
		EE1E260B234A33E700C63C59 /* LaunchScreen.storyboard */ = {
			isa = PBXVariantGroup;
			children = (
				EE1E260C234A33E700C63C59 /* Base */,
			);
			name = LaunchScreen.storyboard;
			sourceTree = "<group>";
		};
/* End PBXVariantGroup section */

/* Begin XCBuildConfiguration section */
		EE1E2625234A33E700C63C59 /* Debug */ = {
			isa = XCBuildConfiguration;
			buildSettings = {
				ALWAYS_SEARCH_USER_PATHS = NO;
				CLANG_ANALYZER_NONNULL = YES;
				CLANG_ANALYZER_NUMBER_OBJECT_CONVERSION = YES_AGGRESSIVE;
				CLANG_CXX_LANGUAGE_STANDARD = "gnu++14";
				CLANG_CXX_LIBRARY = "libc++";
				CLANG_ENABLE_MODULES = YES;
				CLANG_ENABLE_OBJC_ARC = YES;
				CLANG_ENABLE_OBJC_WEAK = YES;
				CLANG_WARN_BLOCK_CAPTURE_AUTORELEASING = YES;
				CLANG_WARN_BOOL_CONVERSION = YES;
				CLANG_WARN_COMMA = YES;
				CLANG_WARN_CONSTANT_CONVERSION = YES;
				CLANG_WARN_DEPRECATED_OBJC_IMPLEMENTATIONS = YES;
				CLANG_WARN_DIRECT_OBJC_ISA_USAGE = YES_ERROR;
				CLANG_WARN_DOCUMENTATION_COMMENTS = YES;
				CLANG_WARN_EMPTY_BODY = YES;
				CLANG_WARN_ENUM_CONVERSION = YES;
				CLANG_WARN_INFINITE_RECURSION = YES;
				CLANG_WARN_INT_CONVERSION = YES;
				CLANG_WARN_NON_LITERAL_NULL_CONVERSION = YES;
				CLANG_WARN_OBJC_IMPLICIT_RETAIN_SELF = YES;
				CLANG_WARN_OBJC_LITERAL_CONVERSION = YES;
				CLANG_WARN_OBJC_ROOT_CLASS = YES_ERROR;
				CLANG_WARN_RANGE_LOOP_ANALYSIS = YES;
				CLANG_WARN_STRICT_PROTOTYPES = YES;
				CLANG_WARN_SUSPICIOUS_MOVE = YES;
				CLANG_WARN_UNGUARDED_AVAILABILITY = YES_AGGRESSIVE;
				CLANG_WARN_UNREACHABLE_CODE = YES;
				CLANG_WARN__DUPLICATE_METHOD_MATCH = YES;
				COPY_PHASE_STRIP = NO;
				DEBUG_INFORMATION_FORMAT = dwarf;
				ENABLE_STRICT_OBJC_MSGSEND = YES;
				ENABLE_TESTABILITY = YES;
				GCC_C_LANGUAGE_STANDARD = gnu11;
				GCC_DYNAMIC_NO_PIC = NO;
				GCC_NO_COMMON_BLOCKS = YES;
				GCC_OPTIMIZATION_LEVEL = 0;
				GCC_PREPROCESSOR_DEFINITIONS = (
					"DEBUG=1",
					"$(inherited)",
				);
				GCC_WARN_64_TO_32_BIT_CONVERSION = YES;
				GCC_WARN_ABOUT_RETURN_TYPE = YES_ERROR;
				GCC_WARN_UNDECLARED_SELECTOR = YES;
				GCC_WARN_UNINITIALIZED_AUTOS = YES_AGGRESSIVE;
				GCC_WARN_UNUSED_FUNCTION = YES;
				GCC_WARN_UNUSED_VARIABLE = YES;
				IPHONEOS_DEPLOYMENT_TARGET = 13.0;
				MTL_ENABLE_DEBUG_INFO = INCLUDE_SOURCE;
				MTL_FAST_MATH = YES;
				ONLY_ACTIVE_ARCH = YES;
				SDKROOT = iphoneos;
				SWIFT_ACTIVE_COMPILATION_CONDITIONS = DEBUG;
				SWIFT_OPTIMIZATION_LEVEL = "-Onone";
			};
			name = Debug;
		};
		EE1E2626234A33E700C63C59 /* Release */ = {
			isa = XCBuildConfiguration;
			buildSettings = {
				ALWAYS_SEARCH_USER_PATHS = NO;
				CLANG_ANALYZER_NONNULL = YES;
				CLANG_ANALYZER_NUMBER_OBJECT_CONVERSION = YES_AGGRESSIVE;
				CLANG_CXX_LANGUAGE_STANDARD = "gnu++14";
				CLANG_CXX_LIBRARY = "libc++";
				CLANG_ENABLE_MODULES = YES;
				CLANG_ENABLE_OBJC_ARC = YES;
				CLANG_ENABLE_OBJC_WEAK = YES;
				CLANG_WARN_BLOCK_CAPTURE_AUTORELEASING = YES;
				CLANG_WARN_BOOL_CONVERSION = YES;
				CLANG_WARN_COMMA = YES;
				CLANG_WARN_CONSTANT_CONVERSION = YES;
				CLANG_WARN_DEPRECATED_OBJC_IMPLEMENTATIONS = YES;
				CLANG_WARN_DIRECT_OBJC_ISA_USAGE = YES_ERROR;
				CLANG_WARN_DOCUMENTATION_COMMENTS = YES;
				CLANG_WARN_EMPTY_BODY = YES;
				CLANG_WARN_ENUM_CONVERSION = YES;
				CLANG_WARN_INFINITE_RECURSION = YES;
				CLANG_WARN_INT_CONVERSION = YES;
				CLANG_WARN_NON_LITERAL_NULL_CONVERSION = YES;
				CLANG_WARN_OBJC_IMPLICIT_RETAIN_SELF = YES;
				CLANG_WARN_OBJC_LITERAL_CONVERSION = YES;
				CLANG_WARN_OBJC_ROOT_CLASS = YES_ERROR;
				CLANG_WARN_RANGE_LOOP_ANALYSIS = YES;
				CLANG_WARN_STRICT_PROTOTYPES = YES;
				CLANG_WARN_SUSPICIOUS_MOVE = YES;
				CLANG_WARN_UNGUARDED_AVAILABILITY = YES_AGGRESSIVE;
				CLANG_WARN_UNREACHABLE_CODE = YES;
				CLANG_WARN__DUPLICATE_METHOD_MATCH = YES;
				COPY_PHASE_STRIP = NO;
				DEBUG_INFORMATION_FORMAT = "dwarf-with-dsym";
				ENABLE_NS_ASSERTIONS = NO;
				ENABLE_STRICT_OBJC_MSGSEND = YES;
				GCC_C_LANGUAGE_STANDARD = gnu11;
				GCC_NO_COMMON_BLOCKS = YES;
				GCC_WARN_64_TO_32_BIT_CONVERSION = YES;
				GCC_WARN_ABOUT_RETURN_TYPE = YES_ERROR;
				GCC_WARN_UNDECLARED_SELECTOR = YES;
				GCC_WARN_UNINITIALIZED_AUTOS = YES_AGGRESSIVE;
				GCC_WARN_UNUSED_FUNCTION = YES;
				GCC_WARN_UNUSED_VARIABLE = YES;
				IPHONEOS_DEPLOYMENT_TARGET = 13.0;
				MTL_ENABLE_DEBUG_INFO = NO;
				MTL_FAST_MATH = YES;
				SDKROOT = iphoneos;
				SWIFT_COMPILATION_MODE = wholemodule;
				SWIFT_OPTIMIZATION_LEVEL = "-O";
				VALIDATE_PRODUCT = YES;
			};
			name = Release;
		};
		EE1E2628234A33E700C63C59 /* Debug */ = {
			isa = XCBuildConfiguration;
			buildSettings = {
				ASSETCATALOG_COMPILER_APPICON_NAME = AppIcon;
				CODE_SIGN_STYLE = Automatic;
				DEVELOPMENT_TEAM = 7UG78TM9AU;
				INFOPLIST_FILE = TranlsationQuiz/Info.plist;
				LD_RUNPATH_SEARCH_PATHS = (
					"$(inherited)",
					"@executable_path/Frameworks",
				);
				PRODUCT_BUNDLE_IDENTIFIER = com.VaibhavMisra.TranlsationQuiz;
				PRODUCT_NAME = "$(TARGET_NAME)";
				SWIFT_VERSION = 5.0;
				TARGETED_DEVICE_FAMILY = "1,2";
			};
			name = Debug;
		};
		EE1E2629234A33E700C63C59 /* Release */ = {
			isa = XCBuildConfiguration;
			buildSettings = {
				ASSETCATALOG_COMPILER_APPICON_NAME = AppIcon;
				CODE_SIGN_STYLE = Automatic;
				DEVELOPMENT_TEAM = 7UG78TM9AU;
				INFOPLIST_FILE = TranlsationQuiz/Info.plist;
				LD_RUNPATH_SEARCH_PATHS = (
					"$(inherited)",
					"@executable_path/Frameworks",
				);
				PRODUCT_BUNDLE_IDENTIFIER = com.VaibhavMisra.TranlsationQuiz;
				PRODUCT_NAME = "$(TARGET_NAME)";
				SWIFT_VERSION = 5.0;
				TARGETED_DEVICE_FAMILY = "1,2";
			};
			name = Release;
		};
		EE1E262B234A33E700C63C59 /* Debug */ = {
			isa = XCBuildConfiguration;
			buildSettings = {
				ALWAYS_EMBED_SWIFT_STANDARD_LIBRARIES = YES;
				BUNDLE_LOADER = "$(TEST_HOST)";
				CODE_SIGN_STYLE = Automatic;
				DEVELOPMENT_TEAM = 7UG78TM9AU;
				INFOPLIST_FILE = TranlsationQuizTests/Info.plist;
				IPHONEOS_DEPLOYMENT_TARGET = 13.0;
				LD_RUNPATH_SEARCH_PATHS = (
					"$(inherited)",
					"@executable_path/Frameworks",
					"@loader_path/Frameworks",
				);
				PRODUCT_BUNDLE_IDENTIFIER = com.VaibhavMisra.TranlsationQuizTests;
				PRODUCT_NAME = "$(TARGET_NAME)";
				SWIFT_VERSION = 5.0;
				TARGETED_DEVICE_FAMILY = "1,2";
				TEST_HOST = "$(BUILT_PRODUCTS_DIR)/TranlsationQuiz.app/TranlsationQuiz";
			};
			name = Debug;
		};
		EE1E262C234A33E700C63C59 /* Release */ = {
			isa = XCBuildConfiguration;
			buildSettings = {
				ALWAYS_EMBED_SWIFT_STANDARD_LIBRARIES = YES;
				BUNDLE_LOADER = "$(TEST_HOST)";
				CODE_SIGN_STYLE = Automatic;
				DEVELOPMENT_TEAM = 7UG78TM9AU;
				INFOPLIST_FILE = TranlsationQuizTests/Info.plist;
				IPHONEOS_DEPLOYMENT_TARGET = 13.0;
				LD_RUNPATH_SEARCH_PATHS = (
					"$(inherited)",
					"@executable_path/Frameworks",
					"@loader_path/Frameworks",
				);
				PRODUCT_BUNDLE_IDENTIFIER = com.VaibhavMisra.TranlsationQuizTests;
				PRODUCT_NAME = "$(TARGET_NAME)";
				SWIFT_VERSION = 5.0;
				TARGETED_DEVICE_FAMILY = "1,2";
				TEST_HOST = "$(BUILT_PRODUCTS_DIR)/TranlsationQuiz.app/TranlsationQuiz";
			};
			name = Release;
		};
		EE1E262E234A33E700C63C59 /* Debug */ = {
			isa = XCBuildConfiguration;
			buildSettings = {
				ALWAYS_EMBED_SWIFT_STANDARD_LIBRARIES = YES;
				CODE_SIGN_STYLE = Automatic;
				DEVELOPMENT_TEAM = 7UG78TM9AU;
				INFOPLIST_FILE = TranlsationQuizUITests/Info.plist;
				LD_RUNPATH_SEARCH_PATHS = (
					"$(inherited)",
					"@executable_path/Frameworks",
					"@loader_path/Frameworks",
				);
				PRODUCT_BUNDLE_IDENTIFIER = com.VaibhavMisra.TranlsationQuizUITests;
				PRODUCT_NAME = "$(TARGET_NAME)";
				SWIFT_VERSION = 5.0;
				TARGETED_DEVICE_FAMILY = "1,2";
				TEST_TARGET_NAME = TranlsationQuiz;
			};
			name = Debug;
		};
		EE1E262F234A33E700C63C59 /* Release */ = {
			isa = XCBuildConfiguration;
			buildSettings = {
				ALWAYS_EMBED_SWIFT_STANDARD_LIBRARIES = YES;
				CODE_SIGN_STYLE = Automatic;
				DEVELOPMENT_TEAM = 7UG78TM9AU;
				INFOPLIST_FILE = TranlsationQuizUITests/Info.plist;
				LD_RUNPATH_SEARCH_PATHS = (
					"$(inherited)",
					"@executable_path/Frameworks",
					"@loader_path/Frameworks",
				);
				PRODUCT_BUNDLE_IDENTIFIER = com.VaibhavMisra.TranlsationQuizUITests;
				PRODUCT_NAME = "$(TARGET_NAME)";
				SWIFT_VERSION = 5.0;
				TARGETED_DEVICE_FAMILY = "1,2";
				TEST_TARGET_NAME = TranlsationQuiz;
			};
			name = Release;
		};
/* End XCBuildConfiguration section */

/* Begin XCConfigurationList section */
		EE1E25F8234A33E500C63C59 /* Build configuration list for PBXProject "TranlsationQuiz" */ = {
			isa = XCConfigurationList;
			buildConfigurations = (
				EE1E2625234A33E700C63C59 /* Debug */,
				EE1E2626234A33E700C63C59 /* Release */,
			);
			defaultConfigurationIsVisible = 0;
			defaultConfigurationName = Release;
		};
		EE1E2627234A33E700C63C59 /* Build configuration list for PBXNativeTarget "TranlsationQuiz" */ = {
			isa = XCConfigurationList;
			buildConfigurations = (
				EE1E2628234A33E700C63C59 /* Debug */,
				EE1E2629234A33E700C63C59 /* Release */,
			);
			defaultConfigurationIsVisible = 0;
			defaultConfigurationName = Release;
		};
		EE1E262A234A33E700C63C59 /* Build configuration list for PBXNativeTarget "TranlsationQuizTests" */ = {
			isa = XCConfigurationList;
			buildConfigurations = (
				EE1E262B234A33E700C63C59 /* Debug */,
				EE1E262C234A33E700C63C59 /* Release */,
			);
			defaultConfigurationIsVisible = 0;
			defaultConfigurationName = Release;
		};
		EE1E262D234A33E700C63C59 /* Build configuration list for PBXNativeTarget "TranlsationQuizUITests" */ = {
			isa = XCConfigurationList;
			buildConfigurations = (
				EE1E262E234A33E700C63C59 /* Debug */,
				EE1E262F234A33E700C63C59 /* Release */,
			);
			defaultConfigurationIsVisible = 0;
			defaultConfigurationName = Release;
		};
/* End XCConfigurationList section */
	};
	rootObject = EE1E25F5234A33E500C63C59 /* Project object */;
}
